
Microsoft Visual Studio Solution File, Format Version 12.00
# Visual Studio Version 17
VisualStudioVersion = 17.8.34309.116
MinimumVisualStudioVersion = 10.0.40219.1
Project("{FAE04EC0-301F-11D3-BF4B-00C04F79EFBC}") = "dotNET-P002", "dotNET-P001\dotNET-P002.csproj", "{056D245F-9BCF-4587-AC1D-C395C1F892DC}"
EndProject
Global
	GlobalSection(SolutionConfigurationPlatforms) = preSolution
		Debug|Any CPU = Debug|Any CPU
		Release|Any CPU = Release|Any CPU
	EndGlobalSection
	GlobalSection(ProjectConfigurationPlatforms) = postSolution
		{056D245F-9BCF-4587-AC1D-C395C1F892DC}.Debug|Any CPU.ActiveCfg = Debug|Any CPU
		{056D245F-9BCF-4587-AC1D-C395C1F892DC}.Debug|Any CPU.Build.0 = Debug|Any CPU
		{056D245F-9BCF-4587-AC1D-C395C1F892DC}.Release|Any CPU.ActiveCfg = Release|Any CPU
		{056D245F-9BCF-4587-AC1D-C395C1F892DC}.Release|Any CPU.Build.0 = Release|Any CPU
	EndGlobalSection
	GlobalSection(SolutionProperties) = preSolution
		HideSolutionNode = FALSE
	EndGlobalSection
	GlobalSection(ExtensibilityGlobals) = postSolution
		SolutionGuid = {51123035-6949-48F7-9CC3-2A6C902C21CB}
	EndGlobalSection
EndGlobal
